PODS:
  - Alamofire (4.5.0)
  - SideMenu (2.3.3)

DEPENDENCIES:
  - Alamofire
  - SideMenu (~> 2.3)

SPEC CHECKSUMS:
  Alamofire: f28cdffd29de33a7bfa022cbd63ae95a27fae140
  SideMenu: a447554ae5c982e8077666389e1c8b0c8656e065

PODFILE CHECKSUM: 7e93142784364f664e89e38a4ecf1a29009a2478

COCOAPODS: 1.2.1
